
Microsoft Visual Studio Solution File, Format Version 12.00
# Visual Studio 15
VisualStudioVersion = 15.0.26228.9
MinimumVisualStudioVersion = 10.0.40219.1
Project("{FAE04EC0-301F-11D3-BF4B-00C04F79EFBC}") = "ZhtDotNetExercise", "ZhtDotNetExercise\ZhtDotNetExercise.csproj", "{B8FA4CB8-74DB-4445-90D6-054EDD56CC7B}"
EndProject
Project("{FAE04EC0-301F-11D3-BF4B-00C04F79EFBC}") = "D20170417", "D20170417\D20170417.csproj", "{7C17F78D-CF2E-48C1-B6CE-9544E035A15D}"
EndProject
Project("{FAE04EC0-301F-11D3-BF4B-00C04F79EFBC}") = "D20170418", "D20170418\D20170418.csproj", "{7185D8FB-DFBE-45B0-B656-304F7955B62B}"
EndProject
Project("{FAE04EC0-301F-11D3-BF4B-00C04F79EFBC}") = "D20170420USL", "D20170420USL\D20170420USL.csproj", "{CABB5EFD-38B2-412A-93ED-0A6618242CCB}"
EndProject
Project("{FAE04EC0-301F-11D3-BF4B-00C04F79EFBC}") = "D20170420BLL", "D20170420BLL\D20170420BLL.csproj", "{EA02600B-495C-4F13-825E-DE1E124B10B7}"
EndProject
Project("{FAE04EC0-301F-11D3-BF4B-00C04F79EFBC}") = "D20170420DAL", "D20170420DAL\D20170420DAL.csproj", "{63D89A05-52B8-4F7C-B237-1E7BB7A30747}"
EndProject
Project("{FAE04EC0-301F-11D3-BF4B-00C04F79EFBC}") = "D20170420MODEL", "D20170420MODEL\D20170420MODEL.csproj", "{28A77F4C-3B8B-4340-9998-D51CD42720C3}"
EndProject
Global
	GlobalSection(SolutionConfigurationPlatforms) = preSolution
		Debug|Any CPU = Debug|Any CPU
		Release|Any CPU = Release|Any CPU
	EndGlobalSection
	GlobalSection(ProjectConfigurationPlatforms) = postSolution
		{B8FA4CB8-74DB-4445-90D6-054EDD56CC7B}.Debug|Any CPU.ActiveCfg = Debug|Any CPU
		{B8FA4CB8-74DB-4445-90D6-054EDD56CC7B}.Debug|Any CPU.Build.0 = Debug|Any CPU
		{B8FA4CB8-74DB-4445-90D6-054EDD56CC7B}.Release|Any CPU.ActiveCfg = Release|Any CPU
		{B8FA4CB8-74DB-4445-90D6-054EDD56CC7B}.Release|Any CPU.Build.0 = Release|Any CPU
		{7C17F78D-CF2E-48C1-B6CE-9544E035A15D}.Debug|Any CPU.ActiveCfg = Debug|Any CPU
		{7C17F78D-CF2E-48C1-B6CE-9544E035A15D}.Debug|Any CPU.Build.0 = Debug|Any CPU
		{7C17F78D-CF2E-48C1-B6CE-9544E035A15D}.Release|Any CPU.ActiveCfg = Release|Any CPU
		{7C17F78D-CF2E-48C1-B6CE-9544E035A15D}.Release|Any CPU.Build.0 = Release|Any CPU
		{7185D8FB-DFBE-45B0-B656-304F7955B62B}.Debug|Any CPU.ActiveCfg = Debug|Any CPU
		{7185D8FB-DFBE-45B0-B656-304F7955B62B}.Debug|Any CPU.Build.0 = Debug|Any CPU
		{7185D8FB-DFBE-45B0-B656-304F7955B62B}.Release|Any CPU.ActiveCfg = Release|Any CPU
		{7185D8FB-DFBE-45B0-B656-304F7955B62B}.Release|Any CPU.Build.0 = Release|Any CPU
		{CABB5EFD-38B2-412A-93ED-0A6618242CCB}.Debug|Any CPU.ActiveCfg = Debug|Any CPU
		{CABB5EFD-38B2-412A-93ED-0A6618242CCB}.Debug|Any CPU.Build.0 = Debug|Any CPU
		{CABB5EFD-38B2-412A-93ED-0A6618242CCB}.Release|Any CPU.ActiveCfg = Release|Any CPU
		{CABB5EFD-38B2-412A-93ED-0A6618242CCB}.Release|Any CPU.Build.0 = Release|Any CPU
		{EA02600B-495C-4F13-825E-DE1E124B10B7}.Debug|Any CPU.ActiveCfg = Debug|Any CPU
		{EA02600B-495C-4F13-825E-DE1E124B10B7}.Debug|Any CPU.Build.0 = Debug|Any CPU
		{EA02600B-495C-4F13-825E-DE1E124B10B7}.Release|Any CPU.ActiveCfg = Release|Any CPU
		{EA02600B-495C-4F13-825E-DE1E124B10B7}.Release|Any CPU.Build.0 = Release|Any CPU
		{63D89A05-52B8-4F7C-B237-1E7BB7A30747}.Debug|Any CPU.ActiveCfg = Debug|Any CPU
		{63D89A05-52B8-4F7C-B237-1E7BB7A30747}.Debug|Any CPU.Build.0 = Debug|Any CPU
		{63D89A05-52B8-4F7C-B237-1E7BB7A30747}.Release|Any CPU.ActiveCfg = Release|Any CPU
		{63D89A05-52B8-4F7C-B237-1E7BB7A30747}.Release|Any CPU.Build.0 = Release|Any CPU
		{28A77F4C-3B8B-4340-9998-D51CD42720C3}.Debug|Any CPU.ActiveCfg = Debug|Any CPU
		{28A77F4C-3B8B-4340-9998-D51CD42720C3}.Debug|Any CPU.Build.0 = Debug|Any CPU
		{28A77F4C-3B8B-4340-9998-D51CD42720C3}.Release|Any CPU.ActiveCfg = Release|Any CPU
		{28A77F4C-3B8B-4340-9998-D51CD42720C3}.Release|Any CPU.Build.0 = Release|Any CPU
	EndGlobalSection
	GlobalSection(SolutionProperties) = preSolution
		HideSolutionNode = FALSE
	EndGlobalSection
EndGlobal
